
Microsoft Visual Studio Solution File, Format Version 12.00
# Visual Studio 2012
Project("{FAE04EC0-301F-11D3-BF4B-00C04F79EFBC}") = "UbntTools", "src\UbntTools\UbntTools.csproj", "{09F16706-B211-4C48-BD2A-4997C80DC704}"
EndProject
Global
	GlobalSection(SolutionConfigurationPlatforms) = preSolution
		Default|Any CPU = Default|Any CPU
		Debug|Any CPU = Debug|Any CPU
		Release|Any CPU = Release|Any CPU
	EndGlobalSection
	GlobalSection(ProjectConfigurationPlatforms) = postSolution
		{09F16706-B211-4C48-BD2A-4997C80DC704}.Debug|Any CPU.ActiveCfg = Debug|Any CPU
		{09F16706-B211-4C48-BD2A-4997C80DC704}.Debug|Any CPU.Build.0 = Debug|Any CPU
		{09F16706-B211-4C48-BD2A-4997C80DC704}.Default|Any CPU.ActiveCfg = Debug|Any CPU
		{09F16706-B211-4C48-BD2A-4997C80DC704}.Default|Any CPU.Build.0 = Debug|Any CPU
		{09F16706-B211-4C48-BD2A-4997C80DC704}.Release|Any CPU.ActiveCfg = Release|Any CPU
		{09F16706-B211-4C48-BD2A-4997C80DC704}.Release|Any CPU.Build.0 = Release|Any CPU
	EndGlobalSection
	GlobalSection(MonoDevelopProperties) = preSolution
		BaseDirectory = src
		outputpath = build\bin
	EndGlobalSection
EndGlobal
